
Microsoft Visual Studio Solution File, Format Version 12.00
# Visual Studio Version 17
VisualStudioVersion = 17.5.33627.172
MinimumVisualStudioVersion = 10.0.40219.1
Project("{9A19103F-16F7-4668-BE54-9A1E7A4F7556}") = "FoodOrderSys", "OnlineFoodOrderSystem\FoodOrderSys.csproj", "{5ADB369B-C99A-47C4-BF94-F8C11002FCB0}"
EndProject
Global
	GlobalSection(SolutionConfigurationPlatforms) = preSolution
		Debug|Any CPU = Debug|Any CPU
		Release|Any CPU = Release|Any CPU
	EndGlobalSection
	GlobalSection(ProjectConfigurationPlatforms) = postSolution
		{5ADB369B-C99A-47C4-BF94-F8C11002FCB0}.Debug|Any CPU.ActiveCfg = Debug|Any CPU
		{5ADB369B-C99A-47C4-BF94-F8C11002FCB0}.Debug|Any CPU.Build.0 = Debug|Any CPU
		{5ADB369B-C99A-47C4-BF94-F8C11002FCB0}.Release|Any CPU.ActiveCfg = Release|Any CPU
		{5ADB369B-C99A-47C4-BF94-F8C11002FCB0}.Release|Any CPU.Build.0 = Release|Any CPU
	EndGlobalSection
	GlobalSection(SolutionProperties) = preSolution
		HideSolutionNode = FALSE
	EndGlobalSection
	GlobalSection(ExtensibilityGlobals) = postSolution
		SolutionGuid = {1333A2B1-5D3B-49C0-BE88-6EADF5DC990D}
	EndGlobalSection
EndGlobal
